
Microsoft Visual Studio Solution File, Format Version 12.00
# Visual Studio Version 17
VisualStudioVersion = 17.10.35004.147
MinimumVisualStudioVersion = 10.0.40219.1
Project("{9A19103F-16F7-4668-BE54-9A1E7A4F7556}") = "BE", "BE\BE.csproj", "{FC2441B1-A8C8-4F71-8CB2-9EEDDB4EF702}"
EndProject
Project("{FAE04EC0-301F-11D3-BF4B-00C04F79EFBC}") = "FE", "FE\FE.csproj", "{92F15C69-80B4-4578-9C8E-F50B20ACB776}"
EndProject
Project("{FAE04EC0-301F-11D3-BF4B-00C04F79EFBC}") = "MODELS", "MODELS\MODELS.csproj", "{2F67186E-A64C-40EC-A19A-386B40F2A9C3}"
EndProject
Project("{FAE04EC0-301F-11D3-BF4B-00C04F79EFBC}") = "ENTITIES", "ENTITIES\ENTITIES.csproj", "{FFF0C77E-096A-4A1D-8FF8-8CFDB9299949}"
EndProject
Global
	GlobalSection(SolutionConfigurationPlatforms) = preSolution
		Debug|Any CPU = Debug|Any CPU
		Release|Any CPU = Release|Any CPU
	EndGlobalSection
	GlobalSection(ProjectConfigurationPlatforms) = postSolution
		{FC2441B1-A8C8-4F71-8CB2-9EEDDB4EF702}.Debug|Any CPU.ActiveCfg = Debug|Any CPU
		{FC2441B1-A8C8-4F71-8CB2-9EEDDB4EF702}.Debug|Any CPU.Build.0 = Debug|Any CPU
		{FC2441B1-A8C8-4F71-8CB2-9EEDDB4EF702}.Release|Any CPU.ActiveCfg = Release|Any CPU
		{FC2441B1-A8C8-4F71-8CB2-9EEDDB4EF702}.Release|Any CPU.Build.0 = Release|Any CPU
		{92F15C69-80B4-4578-9C8E-F50B20ACB776}.Debug|Any CPU.ActiveCfg = Debug|Any CPU
		{92F15C69-80B4-4578-9C8E-F50B20ACB776}.Debug|Any CPU.Build.0 = Debug|Any CPU
		{92F15C69-80B4-4578-9C8E-F50B20ACB776}.Release|Any CPU.ActiveCfg = Release|Any CPU
		{92F15C69-80B4-4578-9C8E-F50B20ACB776}.Release|Any CPU.Build.0 = Release|Any CPU
		{2F67186E-A64C-40EC-A19A-386B40F2A9C3}.Debug|Any CPU.ActiveCfg = Debug|Any CPU
		{2F67186E-A64C-40EC-A19A-386B40F2A9C3}.Debug|Any CPU.Build.0 = Debug|Any CPU
		{2F67186E-A64C-40EC-A19A-386B40F2A9C3}.Release|Any CPU.ActiveCfg = Release|Any CPU
		{2F67186E-A64C-40EC-A19A-386B40F2A9C3}.Release|Any CPU.Build.0 = Release|Any CPU
		{FFF0C77E-096A-4A1D-8FF8-8CFDB9299949}.Debug|Any CPU.ActiveCfg = Debug|Any CPU
		{FFF0C77E-096A-4A1D-8FF8-8CFDB9299949}.Debug|Any CPU.Build.0 = Debug|Any CPU
		{FFF0C77E-096A-4A1D-8FF8-8CFDB9299949}.Release|Any CPU.ActiveCfg = Release|Any CPU
		{FFF0C77E-096A-4A1D-8FF8-8CFDB9299949}.Release|Any CPU.Build.0 = Release|Any CPU
	EndGlobalSection
	GlobalSection(SolutionProperties) = preSolution
		HideSolutionNode = FALSE
	EndGlobalSection
	GlobalSection(ExtensibilityGlobals) = postSolution
		SolutionGuid = {9D6B264B-E292-4087-90F9-DB28B7F4DD1A}
	EndGlobalSection
EndGlobal
